{
  "name": "aoc",
  "version": "1.0.0",
  "lockfileVersion": 3,
  "requires": true,
  "packages": {
    "": {
      "name": "aoc",
      "version": "1.0.0",
      "license": "ISC",
      "dependencies": {
        "graph-data-structure": "^4.3.0"
      }
    },
    "node_modules/graph-data-structure": {
      "version": "4.3.0",
      "resolved": "https://registry.npmjs.org/graph-data-structure/-/graph-data-structure-4.3.0.tgz",
      "integrity": "sha512-rj0SZL3BLXHGZ/K6+Mw0PNrPu+x0uvHukr5dN/10u4Z77ROz5D+D66R+a3X9yZqJKVDcg/fN1FM5NfMX18ErAQ=="
    }
  }
}
